// !$*UTF8*$!
{
	archiveVersion = 1;
	classes = {
	};
	objectVersion = 48;
	objects = {

/* Begin PBXBuildFile section */
		467EBD1C1F90CCCB00325C52 /* MainMenuScene.swift in Sources */ = {isa = PBXBuildFile; fileRef = 467EBD1B1F90CCCB00325C52 /* MainMenuScene.swift */; };
		6A1F94591F90E40C000B7BA9 /* ninja.atlas in Resources */ = {isa = PBXBuildFile; fileRef = 6A1F94541F90E3DE000B7BA9 /* ninja.atlas */; };
		6A23B0091F90AB7400FA259C /* AppDelegate.swift in Sources */ = {isa = PBXBuildFile; fileRef = 6A23B0081F90AB7400FA259C /* AppDelegate.swift */; };
		6A23B0111F90AB7400FA259C /* GameViewController.swift in Sources */ = {isa = PBXBuildFile; fileRef = 6A23B0101F90AB7400FA259C /* GameViewController.swift */; };
		6A23B0161F90AB7400FA259C /* Assets.xcassets in Resources */ = {isa = PBXBuildFile; fileRef = 6A23B0151F90AB7400FA259C /* Assets.xcassets */; };
		6A23B0191F90AB7400FA259C /* LaunchScreen.storyboard in Resources */ = {isa = PBXBuildFile; fileRef = 6A23B0171F90AB7400FA259C /* LaunchScreen.storyboard */; };
		6A23B02B1F90AFFC00FA259C /* GameSrvice.swift in Sources */ = {isa = PBXBuildFile; fileRef = 6A23B02A1F90AFFC00FA259C /* GameSrvice.swift */; };
		6A23B02D1F90B00F00FA259C /* VendorInject.swift in Sources */ = {isa = PBXBuildFile; fileRef = 6A23B02C1F90B00F00FA259C /* VendorInject.swift */; };
		6A23B02F1F90B01B00FA259C /* BaseComponent.swift in Sources */ = {isa = PBXBuildFile; fileRef = 6A23B02E1F90B01B00FA259C /* BaseComponent.swift */; };
		6A23B0311F90B03100FA259C /* BaseEntity.swift in Sources */ = {isa = PBXBuildFile; fileRef = 6A23B0301F90B03100FA259C /* BaseEntity.swift */; };
		6A23B0331F90B04200FA259C /* LayoutConst.swift in Sources */ = {isa = PBXBuildFile; fileRef = 6A23B0321F90B04200FA259C /* LayoutConst.swift */; };
		6A23B0351F90B05000FA259C /* BaseGameScene.swift in Sources */ = {isa = PBXBuildFile; fileRef = 6A23B0341F90B04F00FA259C /* BaseGameScene.swift */; };
		6A23B0701F90CF0600FA259C /* PlayerEntity.swift in Sources */ = {isa = PBXBuildFile; fileRef = 6A23B06F1F90CF0600FA259C /* PlayerEntity.swift */; };
		6A23B0721F90D05E00FA259C /* SpriteCompoment.swift in Sources */ = {isa = PBXBuildFile; fileRef = 6A23B0711F90D05E00FA259C /* SpriteCompoment.swift */; };
		6A23B0741F90D1A400FA259C /* PlayerAnimationComponent.swift in Sources */ = {isa = PBXBuildFile; fileRef = 6A23B0731F90D1A400FA259C /* PlayerAnimationComponent.swift */; };
		6A23B0E21F90D73600FA259C /* ShadowComponent.swift in Sources */ = {isa = PBXBuildFile; fileRef = 6A23B0E11F90D73600FA259C /* ShadowComponent.swift */; };
		6A23B0E41F90DA0600FA259C /* GameSceneTemplate.swift in Sources */ = {isa = PBXBuildFile; fileRef = 6A23B0E31F90DA0600FA259C /* GameSceneTemplate.swift */; };
		6A23B0E61F90DB1500FA259C /* GameStateTemplate.swift in Sources */ = {isa = PBXBuildFile; fileRef = 6A23B0E51F90DB1500FA259C /* GameStateTemplate.swift */; };
		6A23B0E91F90DEEE00FA259C /* SceneTemplate.sks in Resources */ = {isa = PBXBuildFile; fileRef = 6A23B0E81F90DEEE00FA259C /* SceneTemplate.sks */; };
		6A23B0EC1F90E03300FA259C /* TestScene.swift in Sources */ = {isa = PBXBuildFile; fileRef = 6A23B0EB1F90E03300FA259C /* TestScene.swift */; };
		6A23B0EF1F90E22600FA259C /* TestScene.sks in Resources */ = {isa = PBXBuildFile; fileRef = 6A23B0EE1F90E08200FA259C /* TestScene.sks */; };
		969C151687AD91E65181D1E1 /* Pods_HappyRun.framework in Frameworks */ = {isa = PBXBuildFile; fileRef = BBCA8D2AC640A7FC492D4DC4 /* Pods_HappyRun.framework */; };
/* End PBXBuildFile section */

/* Begin PBXFileReference section */
		2911F98EE6DDE14D8E29CF6F /* Pods-HappyRun.release.xcconfig */ = {isa = PBXFileReference; includeInIndex = 1; lastKnownFileType = text.xcconfig; name = "Pods-HappyRun.release.xcconfig"; path = "Pods/Target Support Files/Pods-HappyRun/Pods-HappyRun.release.xcconfig"; sourceTree = "<group>"; };
		467EBD1B1F90CCCB00325C52 /* MainMenuScene.swift */ = {isa = PBXFileReference; lastKnownFileType = sourcecode.swift; path = MainMenuScene.swift; sourceTree = "<group>"; };
		6A1F94541F90E3DE000B7BA9 /* ninja.atlas */ = {isa = PBXFileReference; lastKnownFileType = folder.skatlas; path = ninja.atlas; sourceTree = "<group>"; };
		6A23B0051F90AB7400FA259C /* HappyRun.app */ = {isa = PBXFileReference; explicitFileType = wrapper.application; includeInIndex = 0; path = HappyRun.app; sourceTree = BUILT_PRODUCTS_DIR; };
		6A23B0081F90AB7400FA259C /* AppDelegate.swift */ = {isa = PBXFileReference; lastKnownFileType = sourcecode.swift; path = AppDelegate.swift; sourceTree = "<group>"; };
		6A23B0101F90AB7400FA259C /* GameViewController.swift */ = {isa = PBXFileReference; lastKnownFileType = sourcecode.swift; path = GameViewController.swift; sourceTree = "<group>"; };
		6A23B0151F90AB7400FA259C /* Assets.xcassets */ = {isa = PBXFileReference; lastKnownFileType = folder.assetcatalog; path = Assets.xcassets; sourceTree = "<group>"; };
		6A23B0181F90AB7400FA259C /* Base */ = {isa = PBXFileReference; lastKnownFileType = file.storyboard; name = Base; path = Base.lproj/LaunchScreen.storyboard; sourceTree = "<group>"; };
		6A23B01A1F90AB7400FA259C /* Info.plist */ = {isa = PBXFileReference; lastKnownFileType = text.plist.xml; path = Info.plist; sourceTree = "<group>"; };
		6A23B02A1F90AFFC00FA259C /* GameSrvice.swift */ = {isa = PBXFileReference; lastKnownFileType = sourcecode.swift; path = GameSrvice.swift; sourceTree = "<group>"; };
		6A23B02C1F90B00F00FA259C /* VendorInject.swift */ = {isa = PBXFileReference; lastKnownFileType = sourcecode.swift; path = VendorInject.swift; sourceTree = "<group>"; };
		6A23B02E1F90B01B00FA259C /* BaseComponent.swift */ = {isa = PBXFileReference; lastKnownFileType = sourcecode.swift; path = BaseComponent.swift; sourceTree = "<group>"; };
		6A23B0301F90B03100FA259C /* BaseEntity.swift */ = {isa = PBXFileReference; lastKnownFileType = sourcecode.swift; path = BaseEntity.swift; sourceTree = "<group>"; };
		6A23B0321F90B04200FA259C /* LayoutConst.swift */ = {isa = PBXFileReference; lastKnownFileType = sourcecode.swift; path = LayoutConst.swift; sourceTree = "<group>"; };
		6A23B0341F90B04F00FA259C /* BaseGameScene.swift */ = {isa = PBXFileReference; lastKnownFileType = sourcecode.swift; path = BaseGameScene.swift; sourceTree = "<group>"; };
		6A23B06F1F90CF0600FA259C /* PlayerEntity.swift */ = {isa = PBXFileReference; lastKnownFileType = sourcecode.swift; path = PlayerEntity.swift; sourceTree = "<group>"; };
		6A23B0711F90D05E00FA259C /* SpriteCompoment.swift */ = {isa = PBXFileReference; lastKnownFileType = sourcecode.swift; path = SpriteCompoment.swift; sourceTree = "<group>"; };
		6A23B0731F90D1A400FA259C /* PlayerAnimationComponent.swift */ = {isa = PBXFileReference; lastKnownFileType = sourcecode.swift; path = PlayerAnimationComponent.swift; sourceTree = "<group>"; };
		6A23B0E11F90D73600FA259C /* ShadowComponent.swift */ = {isa = PBXFileReference; lastKnownFileType = sourcecode.swift; path = ShadowComponent.swift; sourceTree = "<group>"; };
		6A23B0E31F90DA0600FA259C /* GameSceneTemplate.swift */ = {isa = PBXFileReference; lastKnownFileType = sourcecode.swift; path = GameSceneTemplate.swift; sourceTree = "<group>"; };
		6A23B0E51F90DB1500FA259C /* GameStateTemplate.swift */ = {isa = PBXFileReference; lastKnownFileType = sourcecode.swift; path = GameStateTemplate.swift; sourceTree = "<group>"; };
		6A23B0E81F90DEEE00FA259C /* SceneTemplate.sks */ = {isa = PBXFileReference; lastKnownFileType = file.sks; path = SceneTemplate.sks; sourceTree = "<group>"; };
		6A23B0EB1F90E03300FA259C /* TestScene.swift */ = {isa = PBXFileReference; lastKnownFileType = sourcecode.swift; path = TestScene.swift; sourceTree = "<group>"; };
		6A23B0EE1F90E08200FA259C /* TestScene.sks */ = {isa = PBXFileReference; lastKnownFileType = file.sks; path = TestScene.sks; sourceTree = "<group>"; };
		BBCA8D2AC640A7FC492D4DC4 /* Pods_HappyRun.framework */ = {isa = PBXFileReference; explicitFileType = wrapper.framework; includeInIndex = 0; path = Pods_HappyRun.framework; sourceTree = BUILT_PRODUCTS_DIR; };
		E395B8C830DFD0110DB45420 /* Pods-HappyRun.debug.xcconfig */ = {isa = PBXFileReference; includeInIndex = 1; lastKnownFileType = text.xcconfig; name = "Pods-HappyRun.debug.xcconfig"; path = "Pods/Target Support Files/Pods-HappyRun/Pods-HappyRun.debug.xcconfig"; sourceTree = "<group>"; };
/* End PBXFileReference section */

/* Begin PBXFrameworksBuildPhase section */
		6A23B0021F90AB7400FA259C /* Frameworks */ = {
			isa = PBXFrameworksBuildPhase;
			buildActionMask = 2147483647;
			files = (
				969C151687AD91E65181D1E1 /* Pods_HappyRun.framework in Frameworks */,
			);
			runOnlyForDeploymentPostprocessing = 0;
		};
/* End PBXFrameworksBuildPhase section */

/* Begin PBXGroup section */
		467EBC5C1F90C7AD00325C52 /* Images */ = {
			isa = PBXGroup;
			children = (
				467EBD181F90C89800325C52 /* Atlas */,
			);
			path = Images;
			sourceTree = "<group>";
		};
		467EBD181F90C89800325C52 /* Atlas */ = {
			isa = PBXGroup;
			children = (
				6A23B0751F90D4A200FA259C /* Background */,
				6A23B0791F90D4A200FA259C /* People */,
			);
			path = Atlas;
			sourceTree = "<group>";
		};
		6A23AFFC1F90AB7400FA259C = {
			isa = PBXGroup;
			children = (
				6A23B0071F90AB7400FA259C /* HappyRun */,
				6A23B0061F90AB7400FA259C /* Products */,
				EDDF670C6056A719BDA12DC8 /* Pods */,
				C887E78224945FC130250FED /* Frameworks */,
			);
			sourceTree = "<group>";
		};
		6A23B0061F90AB7400FA259C /* Products */ = {
			isa = PBXGroup;
			children = (
				6A23B0051F90AB7400FA259C /* HappyRun.app */,
			);
			name = Products;
			sourceTree = "<group>";
		};
		6A23B0071F90AB7400FA259C /* HappyRun */ = {
			isa = PBXGroup;
			children = (
				6A23B0201F90ABEA00FA259C /* AppDelegate */,
				6A23B0291F90ACF800FA259C /* Services */,
				6A23B0281F90ACF800FA259C /* Vendors */,
				6A23B0261F90ACD700FA259C /* Components */,
				6A23B0251F90ACD700FA259C /* Entities */,
				6A23B0271F90ACD700FA259C /* General */,
				6A23B0211F90ABF300FA259C /* Scenes */,
				6A23B0221F90AC1100FA259C /* Modules */,
				467EBC5C1F90C7AD00325C52 /* Images */,
				6A23B0231F90AC1C00FA259C /* Resource */,
				6A23B01A1F90AB7400FA259C /* Info.plist */,
			);
			path = HappyRun;
			sourceTree = "<group>";
		};
		6A23B0201F90ABEA00FA259C /* AppDelegate */ = {
			isa = PBXGroup;
			children = (
				6A23B0081F90AB7400FA259C /* AppDelegate.swift */,
			);
			path = AppDelegate;
			sourceTree = "<group>";
		};
		6A23B0211F90ABF300FA259C /* Scenes */ = {
			isa = PBXGroup;
			children = (
				6A23B0ED1F90E05C00FA259C /* Template */,
				6A23B0E71F90DB2300FA259C /* State */,
				6A23B0341F90B04F00FA259C /* BaseGameScene.swift */,
				467EBD1B1F90CCCB00325C52 /* MainMenuScene.swift */,
				6A23B0EB1F90E03300FA259C /* TestScene.swift */,
				6A23B0EE1F90E08200FA259C /* TestScene.sks */,
			);
			path = Scenes;
			sourceTree = "<group>";
		};
		6A23B0221F90AC1100FA259C /* Modules */ = {
			isa = PBXGroup;
			children = (
				6A23B0241F90AC4200FA259C /* Game */,
			);
			path = Modules;
			sourceTree = "<group>";
		};
		6A23B0231F90AC1C00FA259C /* Resource */ = {
			isa = PBXGroup;
			children = (
				6A23B0151F90AB7400FA259C /* Assets.xcassets */,
				6A23B0171F90AB7400FA259C /* LaunchScreen.storyboard */,
			);
			path = Resource;
			sourceTree = "<group>";
		};
		6A23B0241F90AC4200FA259C /* Game */ = {
			isa = PBXGroup;
			children = (
				6A23B0101F90AB7400FA259C /* GameViewController.swift */,
			);
			path = Game;
			sourceTree = "<group>";
		};
		6A23B0251F90ACD700FA259C /* Entities */ = {
			isa = PBXGroup;
			children = (
				6A23B0301F90B03100FA259C /* BaseEntity.swift */,
				6A23B06F1F90CF0600FA259C /* PlayerEntity.swift */,
			);
			path = Entities;
			sourceTree = "<group>";
		};
		6A23B0261F90ACD700FA259C /* Components */ = {
			isa = PBXGroup;
			children = (
				6A23B02E1F90B01B00FA259C /* BaseComponent.swift */,
				6A23B0711F90D05E00FA259C /* SpriteCompoment.swift */,
				6A23B0731F90D1A400FA259C /* PlayerAnimationComponent.swift */,
				6A23B0E11F90D73600FA259C /* ShadowComponent.swift */,
			);
			path = Components;
			sourceTree = "<group>";
		};
		6A23B0271F90ACD700FA259C /* General */ = {
			isa = PBXGroup;
			children = (
				6A23B0321F90B04200FA259C /* LayoutConst.swift */,
			);
			path = General;
			sourceTree = "<group>";
		};
		6A23B0281F90ACF800FA259C /* Vendors */ = {
			isa = PBXGroup;
			children = (
				6A23B02C1F90B00F00FA259C /* VendorInject.swift */,
			);
			path = Vendors;
			sourceTree = "<group>";
		};
		6A23B0291F90ACF800FA259C /* Services */ = {
			isa = PBXGroup;
			children = (
				6A23B02A1F90AFFC00FA259C /* GameSrvice.swift */,
			);
			path = Services;
			sourceTree = "<group>";
		};
		6A23B0751F90D4A200FA259C /* Background */ = {
			isa = PBXGroup;
			children = (
			);
			path = Background;
			sourceTree = "<group>";
		};
		6A23B0791F90D4A200FA259C /* People */ = {
			isa = PBXGroup;
			children = (
				6A1F94541F90E3DE000B7BA9 /* ninja.atlas */,
			);
			path = People;
			sourceTree = "<group>";
		};
		6A23B0E71F90DB2300FA259C /* State */ = {
			isa = PBXGroup;
			children = (
				6A23B0E51F90DB1500FA259C /* GameStateTemplate.swift */,
			);
			path = State;
			sourceTree = "<group>";
		};
		6A23B0ED1F90E05C00FA259C /* Template */ = {
			isa = PBXGroup;
			children = (
				6A23B0E31F90DA0600FA259C /* GameSceneTemplate.swift */,
				6A23B0E81F90DEEE00FA259C /* SceneTemplate.sks */,
			);
			path = Template;
			sourceTree = "<group>";
		};
		C887E78224945FC130250FED /* Frameworks */ = {
			isa = PBXGroup;
			children = (
				BBCA8D2AC640A7FC492D4DC4 /* Pods_HappyRun.framework */,
			);
			name = Frameworks;
			sourceTree = "<group>";
		};
		EDDF670C6056A719BDA12DC8 /* Pods */ = {
			isa = PBXGroup;
			children = (
				E395B8C830DFD0110DB45420 /* Pods-HappyRun.debug.xcconfig */,
				2911F98EE6DDE14D8E29CF6F /* Pods-HappyRun.release.xcconfig */,
			);
			name = Pods;
			sourceTree = "<group>";
		};
/* End PBXGroup section */

/* Begin PBXNativeTarget section */
		6A23B0041F90AB7400FA259C /* HappyRun */ = {
			isa = PBXNativeTarget;
			buildConfigurationList = 6A23B01D1F90AB7400FA259C /* Build configuration list for PBXNativeTarget "HappyRun" */;
			buildPhases = (
				F3B6F2522EFBE2F0B367B812 /* [CP] Check Pods Manifest.lock */,
				6A23B0011F90AB7400FA259C /* Sources */,
				6A23B0021F90AB7400FA259C /* Frameworks */,
				6A23B0031F90AB7400FA259C /* Resources */,
				851C714EC5E64B812C1ED0EC /* [CP] Embed Pods Frameworks */,
				D49E40CA5648F3C12C4BA53C /* [CP] Copy Pods Resources */,
			);
			buildRules = (
			);
			dependencies = (
			);
			name = HappyRun;
			productName = HappyRun;
			productReference = 6A23B0051F90AB7400FA259C /* HappyRun.app */;
			productType = "com.apple.product-type.application";
		};
/* End PBXNativeTarget section */

/* Begin PBXProject section */
		6A23AFFD1F90AB7400FA259C /* Project object */ = {
			isa = PBXProject;
			attributes = {
				LastSwiftUpdateCheck = 0900;
				LastUpgradeCheck = 0900;
				ORGANIZATIONNAME = Tbxark;
				TargetAttributes = {
					6A23B0041F90AB7400FA259C = {
						CreatedOnToolsVersion = 9.0;
						ProvisioningStyle = Automatic;
					};
				};
			};
			buildConfigurationList = 6A23B0001F90AB7400FA259C /* Build configuration list for PBXProject "HappyRun" */;
			compatibilityVersion = "Xcode 8.0";
			developmentRegion = en;
			hasScannedForEncodings = 0;
			knownRegions = (
				en,
				Base,
			);
			mainGroup = 6A23AFFC1F90AB7400FA259C;
			productRefGroup = 6A23B0061F90AB7400FA259C /* Products */;
			projectDirPath = "";
			projectRoot = "";
			targets = (
				6A23B0041F90AB7400FA259C /* HappyRun */,
			);
		};
/* End PBXProject section */

/* Begin PBXResourcesBuildPhase section */
		6A23B0031F90AB7400FA259C /* Resources */ = {
			isa = PBXResourcesBuildPhase;
			buildActionMask = 2147483647;
			files = (
				6A23B0E91F90DEEE00FA259C /* SceneTemplate.sks in Resources */,
				6A23B0161F90AB7400FA259C /* Assets.xcassets in Resources */,
				6A1F94591F90E40C000B7BA9 /* ninja.atlas in Resources */,
				6A23B0EF1F90E22600FA259C /* TestScene.sks in Resources */,
				6A23B0191F90AB7400FA259C /* LaunchScreen.storyboard in Resources */,
			);
			runOnlyForDeploymentPostprocessing = 0;
		};
/* End PBXResourcesBuildPhase section */

/* Begin PBXShellScriptBuildPhase section */
		851C714EC5E64B812C1ED0EC /* [CP] Embed Pods Frameworks */ = {
			isa = PBXShellScriptBuildPhase;
			buildActionMask = 2147483647;
			files = (
			);
			inputPaths = (
				"${SRCROOT}/Pods/Target Support Files/Pods-HappyRun/Pods-HappyRun-frameworks.sh",
				"${BUILT_PRODUCTS_DIR}/SpriteUtils/SpriteUtils.framework",
			);
			name = "[CP] Embed Pods Frameworks";
			outputPaths = (
				"${TARGET_BUILD_DIR}/${FRAMEWORKS_FOLDER_PATH}/SpriteUtils.framework",
			);
			runOnlyForDeploymentPostprocessing = 0;
			shellPath = /bin/sh;
			shellScript = "\"${SRCROOT}/Pods/Target Support Files/Pods-HappyRun/Pods-HappyRun-frameworks.sh\"\n";
			showEnvVarsInLog = 0;
		};
		D49E40CA5648F3C12C4BA53C /* [CP] Copy Pods Resources */ = {
			isa = PBXShellScriptBuildPhase;
			buildActionMask = 2147483647;
			files = (
			);
			inputPaths = (
			);
			name = "[CP] Copy Pods Resources";
			outputPaths = (
			);
			runOnlyForDeploymentPostprocessing = 0;
			shellPath = /bin/sh;
			shellScript = "\"${SRCROOT}/Pods/Target Support Files/Pods-HappyRun/Pods-HappyRun-resources.sh\"\n";
			showEnvVarsInLog = 0;
		};
		F3B6F2522EFBE2F0B367B812 /* [CP] Check Pods Manifest.lock */ = {
			isa = PBXShellScriptBuildPhase;
			buildActionMask = 2147483647;
			files = (
			);
			inputPaths = (
				"${PODS_PODFILE_DIR_PATH}/Podfile.lock",
				"${PODS_ROOT}/Manifest.lock",
			);
			name = "[CP] Check Pods Manifest.lock";
			outputPaths = (
				"$(DERIVED_FILE_DIR)/Pods-HappyRun-checkManifestLockResult.txt",
			);
			runOnlyForDeploymentPostprocessing = 0;
			shellPath = /bin/sh;
			shellScript = "diff \"${PODS_PODFILE_DIR_PATH}/Podfile.lock\" \"${PODS_ROOT}/Manifest.lock\" > /dev/null\nif [ $? != 0 ] ; then\n    # print error to STDERR\n    echo \"error: The sandbox is not in sync with the Podfile.lock. Run 'pod install' or update your CocoaPods installation.\" >&2\n    exit 1\nfi\n# This output is used by Xcode 'outputs' to avoid re-running this script phase.\necho \"SUCCESS\" > \"${SCRIPT_OUTPUT_FILE_0}\"\n";
			showEnvVarsInLog = 0;
		};
/* End PBXShellScriptBuildPhase section */

/* Begin PBXSourcesBuildPhase section */
		6A23B0011F90AB7400FA259C /* Sources */ = {
			isa = PBXSourcesBuildPhase;
			buildActionMask = 2147483647;
			files = (
				6A23B02D1F90B00F00FA259C /* VendorInject.swift in Sources */,
				6A23B0741F90D1A400FA259C /* PlayerAnimationComponent.swift in Sources */,
				6A23B0351F90B05000FA259C /* BaseGameScene.swift in Sources */,
				6A23B0311F90B03100FA259C /* BaseEntity.swift in Sources */,
				467EBD1C1F90CCCB00325C52 /* MainMenuScene.swift in Sources */,
				6A23B02B1F90AFFC00FA259C /* GameSrvice.swift in Sources */,
				6A23B0E41F90DA0600FA259C /* GameSceneTemplate.swift in Sources */,
				6A23B0331F90B04200FA259C /* LayoutConst.swift in Sources */,
				6A23B0EC1F90E03300FA259C /* TestScene.swift in Sources */,
				6A23B0721F90D05E00FA259C /* SpriteCompoment.swift in Sources */,
				6A23B02F1F90B01B00FA259C /* BaseComponent.swift in Sources */,
				6A23B0701F90CF0600FA259C /* PlayerEntity.swift in Sources */,
				6A23B0111F90AB7400FA259C /* GameViewController.swift in Sources */,
				6A23B0E61F90DB1500FA259C /* GameStateTemplate.swift in Sources */,
				6A23B0E21F90D73600FA259C /* ShadowComponent.swift in Sources */,
				6A23B0091F90AB7400FA259C /* AppDelegate.swift in Sources */,
			);
			runOnlyForDeploymentPostprocessing = 0;
		};
/* End PBXSourcesBuildPhase section */

/* Begin PBXVariantGroup section */
		6A23B0171F90AB7400FA259C /* LaunchScreen.storyboard */ = {
			isa = PBXVariantGroup;
			children = (
				6A23B0181F90AB7400FA259C /* Base */,
			);
			name = LaunchScreen.storyboard;
			sourceTree = "<group>";
		};
/* End PBXVariantGroup section */

/* Begin XCBuildConfiguration section */
		6A23B01B1F90AB7400FA259C /* Debug */ = {
			isa = XCBuildConfiguration;
			buildSettings = {
				ALWAYS_SEARCH_USER_PATHS = NO;
				CLANG_ANALYZER_NONNULL = YES;
				CLANG_ANALYZER_NUMBER_OBJECT_CONVERSION = YES_AGGRESSIVE;
				CLANG_CXX_LANGUAGE_STANDARD = "gnu++14";
				CLANG_CXX_LIBRARY = "libc++";
				CLANG_ENABLE_MODULES = YES;
				CLANG_ENABLE_OBJC_ARC = YES;
				CLANG_WARN_BLOCK_CAPTURE_AUTORELEASING = YES;
				CLANG_WARN_BOOL_CONVERSION = YES;
				CLANG_WARN_COMMA = YES;
				CLANG_WARN_CONSTANT_CONVERSION = YES;
				CLANG_WARN_DIRECT_OBJC_ISA_USAGE = YES_ERROR;
				CLANG_WARN_DOCUMENTATION_COMMENTS = YES;
				CLANG_WARN_EMPTY_BODY = YES;
				CLANG_WARN_ENUM_CONVERSION = YES;
				CLANG_WARN_INFINITE_RECURSION = YES;
				CLANG_WARN_INT_CONVERSION = YES;
				CLANG_WARN_NON_LITERAL_NULL_CONVERSION = YES;
				CLANG_WARN_OBJC_LITERAL_CONVERSION = YES;
				CLANG_WARN_OBJC_ROOT_CLASS = YES_ERROR;
				CLANG_WARN_RANGE_LOOP_ANALYSIS = YES;
				CLANG_WARN_STRICT_PROTOTYPES = YES;
				CLANG_WARN_SUSPICIOUS_MOVE = YES;
				CLANG_WARN_UNGUARDED_AVAILABILITY = YES_AGGRESSIVE;
				CLANG_WARN_UNREACHABLE_CODE = YES;
				CLANG_WARN__DUPLICATE_METHOD_MATCH = YES;
				CODE_SIGN_IDENTITY = "iPhone Developer";
				COPY_PHASE_STRIP = NO;
				DEBUG_INFORMATION_FORMAT = dwarf;
				ENABLE_STRICT_OBJC_MSGSEND = YES;
				ENABLE_TESTABILITY = YES;
				GCC_C_LANGUAGE_STANDARD = gnu11;
				GCC_DYNAMIC_NO_PIC = NO;
				GCC_NO_COMMON_BLOCKS = YES;
				GCC_OPTIMIZATION_LEVEL = 0;
				GCC_PREPROCESSOR_DEFINITIONS = (
					"DEBUG=1",
					"$(inherited)",
				);
				GCC_WARN_64_TO_32_BIT_CONVERSION = YES;
				GCC_WARN_ABOUT_RETURN_TYPE = YES_ERROR;
				GCC_WARN_UNDECLARED_SELECTOR = YES;
				GCC_WARN_UNINITIALIZED_AUTOS = YES_AGGRESSIVE;
				GCC_WARN_UNUSED_FUNCTION = YES;
				GCC_WARN_UNUSED_VARIABLE = YES;
				IPHONEOS_DEPLOYMENT_TARGET = 11.0;
				MTL_ENABLE_DEBUG_INFO = YES;
				ONLY_ACTIVE_ARCH = YES;
				SDKROOT = iphoneos;
				SWIFT_ACTIVE_COMPILATION_CONDITIONS = DEBUG;
				SWIFT_OPTIMIZATION_LEVEL = "-Onone";
			};
			name = Debug;
		};
		6A23B01C1F90AB7400FA259C /* Release */ = {
			isa = XCBuildConfiguration;
			buildSettings = {
				ALWAYS_SEARCH_USER_PATHS = NO;
				CLANG_ANALYZER_NONNULL = YES;
				CLANG_ANALYZER_NUMBER_OBJECT_CONVERSION = YES_AGGRESSIVE;
				CLANG_CXX_LANGUAGE_STANDARD = "gnu++14";
				CLANG_CXX_LIBRARY = "libc++";
				CLANG_ENABLE_MODULES = YES;
				CLANG_ENABLE_OBJC_ARC = YES;
				CLANG_WARN_BLOCK_CAPTURE_AUTORELEASING = YES;
				CLANG_WARN_BOOL_CONVERSION = YES;
				CLANG_WARN_COMMA = YES;
				CLANG_WARN_CONSTANT_CONVERSION = YES;
				CLANG_WARN_DIRECT_OBJC_ISA_USAGE = YES_ERROR;
				CLANG_WARN_DOCUMENTATION_COMMENTS = YES;
				CLANG_WARN_EMPTY_BODY = YES;
				CLANG_WARN_ENUM_CONVERSION = YES;
				CLANG_WARN_INFINITE_RECURSION = YES;
				CLANG_WARN_INT_CONVERSION = YES;
				CLANG_WARN_NON_LITERAL_NULL_CONVERSION = YES;
				CLANG_WARN_OBJC_LITERAL_CONVERSION = YES;
				CLANG_WARN_OBJC_ROOT_CLASS = YES_ERROR;
				CLANG_WARN_RANGE_LOOP_ANALYSIS = YES;
				CLANG_WARN_STRICT_PROTOTYPES = YES;
				CLANG_WARN_SUSPICIOUS_MOVE = YES;
				CLANG_WARN_UNGUARDED_AVAILABILITY = YES_AGGRESSIVE;
				CLANG_WARN_UNREACHABLE_CODE = YES;
				CLANG_WARN__DUPLICATE_METHOD_MATCH = YES;
				CODE_SIGN_IDENTITY = "iPhone Developer";
				COPY_PHASE_STRIP = NO;
				DEBUG_INFORMATION_FORMAT = "dwarf-with-dsym";
				ENABLE_NS_ASSERTIONS = NO;
				ENABLE_STRICT_OBJC_MSGSEND = YES;
				GCC_C_LANGUAGE_STANDARD = gnu11;
				GCC_NO_COMMON_BLOCKS = YES;
				GCC_WARN_64_TO_32_BIT_CONVERSION = YES;
				GCC_WARN_ABOUT_RETURN_TYPE = YES_ERROR;
				GCC_WARN_UNDECLARED_SELECTOR = YES;
				GCC_WARN_UNINITIALIZED_AUTOS = YES_AGGRESSIVE;
				GCC_WARN_UNUSED_FUNCTION = YES;
				GCC_WARN_UNUSED_VARIABLE = YES;
				IPHONEOS_DEPLOYMENT_TARGET = 11.0;
				MTL_ENABLE_DEBUG_INFO = NO;
				SDKROOT = iphoneos;
				SWIFT_OPTIMIZATION_LEVEL = "-Owholemodule";
				VALIDATE_PRODUCT = YES;
			};
			name = Release;
		};
		6A23B01E1F90AB7400FA259C /* Debug */ = {
			isa = XCBuildConfiguration;
			baseConfigurationReference = E395B8C830DFD0110DB45420 /* Pods-HappyRun.debug.xcconfig */;
			buildSettings = {
				ASSETCATALOG_COMPILER_APPICON_NAME = AppIcon;
				CODE_SIGN_STYLE = Automatic;
				DEVELOPMENT_TEAM = 858CBVXSWP;
				INFOPLIST_FILE = HappyRun/Info.plist;
				IPHONEOS_DEPLOYMENT_TARGET = 10.0;
				LD_RUNPATH_SEARCH_PATHS = "$(inherited) @executable_path/Frameworks";
				PRODUCT_BUNDLE_IDENTIFIER = com.playalot.HappyRun;
				PRODUCT_NAME = "$(TARGET_NAME)";
				SWIFT_VERSION = 4.0;
				TARGETED_DEVICE_FAMILY = "1,2";
			};
			name = Debug;
		};
		6A23B01F1F90AB7400FA259C /* Release */ = {
			isa = XCBuildConfiguration;
			baseConfigurationReference = 2911F98EE6DDE14D8E29CF6F /* Pods-HappyRun.release.xcconfig */;
			buildSettings = {
				ASSETCATALOG_COMPILER_APPICON_NAME = AppIcon;
				CODE_SIGN_STYLE = Automatic;
				DEVELOPMENT_TEAM = 858CBVXSWP;
				INFOPLIST_FILE = HappyRun/Info.plist;
				IPHONEOS_DEPLOYMENT_TARGET = 10.0;
				LD_RUNPATH_SEARCH_PATHS = "$(inherited) @executable_path/Frameworks";
				PRODUCT_BUNDLE_IDENTIFIER = com.playalot.HappyRun;
				PRODUCT_NAME = "$(TARGET_NAME)";
				SWIFT_VERSION = 4.0;
				TARGETED_DEVICE_FAMILY = "1,2";
			};
			name = Release;
		};
/* End XCBuildConfiguration section */

/* Begin XCConfigurationList section */
		6A23B0001F90AB7400FA259C /* Build configuration list for PBXProject "HappyRun" */ = {
			isa = XCConfigurationList;
			buildConfigurations = (
				6A23B01B1F90AB7400FA259C /* Debug */,
				6A23B01C1F90AB7400FA259C /* Release */,
			);
			defaultConfigurationIsVisible = 0;
			defaultConfigurationName = Release;
		};
		6A23B01D1F90AB7400FA259C /* Build configuration list for PBXNativeTarget "HappyRun" */ = {
			isa = XCConfigurationList;
			buildConfigurations = (
				6A23B01E1F90AB7400FA259C /* Debug */,
				6A23B01F1F90AB7400FA259C /* Release */,
			);
			defaultConfigurationIsVisible = 0;
			defaultConfigurationName = Release;
		};
/* End XCConfigurationList section */
	};
	rootObject = 6A23AFFD1F90AB7400FA259C /* Project object */;
}
